
Microsoft Visual Studio Solution File, Format Version 12.00
# Visual Studio Version 16
VisualStudioVersion = 16.0.28803.156
MinimumVisualStudioVersion = 10.0.40219.1
Project("{FAE04EC0-301F-11D3-BF4B-00C04F79EFBC}") = "CPFValidationFunctional", "CPFValidationFunctional.csproj", "{7A44DBBA-DBC1-4B5D-8754-95EB1C3A310E}"
EndProject
Global
	GlobalSection(SolutionConfigurationPlatforms) = preSolution
		Debug|Any CPU = Debug|Any CPU
		Release|Any CPU = Release|Any CPU
	EndGlobalSection
	GlobalSection(ProjectConfigurationPlatforms) = postSolution
		{7A44DBBA-DBC1-4B5D-8754-95EB1C3A310E}.Debug|Any CPU.ActiveCfg = Debug|Any CPU
		{7A44DBBA-DBC1-4B5D-8754-95EB1C3A310E}.Debug|Any CPU.Build.0 = Debug|Any CPU
		{7A44DBBA-DBC1-4B5D-8754-95EB1C3A310E}.Release|Any CPU.ActiveCfg = Release|Any CPU
		{7A44DBBA-DBC1-4B5D-8754-95EB1C3A310E}.Release|Any CPU.Build.0 = Release|Any CPU
	EndGlobalSection
	GlobalSection(SolutionProperties) = preSolution
		HideSolutionNode = FALSE
	EndGlobalSection
	GlobalSection(ExtensibilityGlobals) = postSolution
		SolutionGuid = {7690EB57-422F-4F9F-A077-2217D28A5B9A}
	EndGlobalSection
EndGlobal
